// !$*UTF8*$!
{
	archiveVersion = 1;
	classes = {
	};
	objectVersion = 55;
	objects = {

/* Begin PBXBuildFile section */
		89810FEB288355D50010C9EC /* SwiftTwitchAPI in Frameworks */ = {isa = PBXBuildFile; productRef = 89810FEA288355D50010C9EC /* SwiftTwitchAPI */; };
		89810FEF288357420010C9EC /* TwitchManager.swift in Sources */ = {isa = PBXBuildFile; fileRef = 89810FEE288357420010C9EC /* TwitchManager.swift */; };
		89810FF1288425350010C9EC /* FollowsView.swift in Sources */ = {isa = PBXBuildFile; fileRef = 89810FF0288425350010C9EC /* FollowsView.swift */; };
		89810FF428842ABD0010C9EC /* RootView.swift in Sources */ = {isa = PBXBuildFile; fileRef = 89810FF328842ABD0010C9EC /* RootView.swift */; };
		89810FF6288452B80010C9EC /* Numbers.swift in Sources */ = {isa = PBXBuildFile; fileRef = 89810FF5288452B80010C9EC /* Numbers.swift */; };
		D6F86845286A477C00EFAFCE /* galaxyApp.swift in Sources */ = {isa = PBXBuildFile; fileRef = D6F86844286A477C00EFAFCE /* galaxyApp.swift */; };
		D6F86847286A477C00EFAFCE /* StreamView.swift in Sources */ = {isa = PBXBuildFile; fileRef = D6F86846286A477C00EFAFCE /* StreamView.swift */; };
		D6F86849286A477E00EFAFCE /* Assets.xcassets in Resources */ = {isa = PBXBuildFile; fileRef = D6F86848286A477E00EFAFCE /* Assets.xcassets */; };
		D6F8684C286A477E00EFAFCE /* Preview Assets.xcassets in Resources */ = {isa = PBXBuildFile; fileRef = D6F8684B286A477E00EFAFCE /* Preview Assets.xcassets */; };
		D6F86853286A809200EFAFCE /* README.md in Resources */ = {isa = PBXBuildFile; fileRef = D6F86852286A809200EFAFCE /* README.md */; };
		D6F86855286A809800EFAFCE /* server in Resources */ = {isa = PBXBuildFile; fileRef = D6F86854286A809800EFAFCE /* server */; };
/* End PBXBuildFile section */

/* Begin PBXFileReference section */
		89810FE8288355120010C9EC /* SwiftTwitchAPI */ = {isa = PBXFileReference; lastKnownFileType = wrapper; name = SwiftTwitchAPI; path = ../SwiftTwitchAPI; sourceTree = "<group>"; };
		89810FEE288357420010C9EC /* TwitchManager.swift */ = {isa = PBXFileReference; lastKnownFileType = sourcecode.swift; path = TwitchManager.swift; sourceTree = "<group>"; };
		89810FF0288425350010C9EC /* FollowsView.swift */ = {isa = PBXFileReference; lastKnownFileType = sourcecode.swift; path = FollowsView.swift; sourceTree = "<group>"; };
		89810FF328842ABD0010C9EC /* RootView.swift */ = {isa = PBXFileReference; lastKnownFileType = sourcecode.swift; path = RootView.swift; sourceTree = "<group>"; };
		89810FF5288452B80010C9EC /* Numbers.swift */ = {isa = PBXFileReference; lastKnownFileType = sourcecode.swift; path = Numbers.swift; sourceTree = "<group>"; };
		D6F86841286A477C00EFAFCE /* galaxy.app */ = {isa = PBXFileReference; explicitFileType = wrapper.application; includeInIndex = 0; path = galaxy.app; sourceTree = BUILT_PRODUCTS_DIR; };
		D6F86844286A477C00EFAFCE /* galaxyApp.swift */ = {isa = PBXFileReference; lastKnownFileType = sourcecode.swift; path = galaxyApp.swift; sourceTree = "<group>"; };
		D6F86846286A477C00EFAFCE /* StreamView.swift */ = {isa = PBXFileReference; lastKnownFileType = sourcecode.swift; path = StreamView.swift; sourceTree = "<group>"; };
		D6F86848286A477E00EFAFCE /* Assets.xcassets */ = {isa = PBXFileReference; lastKnownFileType = folder.assetcatalog; path = Assets.xcassets; sourceTree = "<group>"; };
		D6F8684B286A477E00EFAFCE /* Preview Assets.xcassets */ = {isa = PBXFileReference; lastKnownFileType = folder.assetcatalog; path = "Preview Assets.xcassets"; sourceTree = "<group>"; };
		D6F86852286A809200EFAFCE /* README.md */ = {isa = PBXFileReference; fileEncoding = 4; lastKnownFileType = net.daringfireball.markdown; path = README.md; sourceTree = "<group>"; };
		D6F86854286A809800EFAFCE /* server */ = {isa = PBXFileReference; lastKnownFileType = folder; path = server; sourceTree = "<group>"; };
/* End PBXFileReference section */

/* Begin PBXFrameworksBuildPhase section */
		D6F8683E286A477C00EFAFCE /* Frameworks */ = {
			isa = PBXFrameworksBuildPhase;
			buildActionMask = 2147483647;
			files = (
				89810FEB288355D50010C9EC /* SwiftTwitchAPI in Frameworks */,
			);
			runOnlyForDeploymentPostprocessing = 0;
		};
/* End PBXFrameworksBuildPhase section */

/* Begin PBXGroup section */
		89810FE7288355120010C9EC /* Packages */ = {
			isa = PBXGroup;
			children = (
				89810FE8288355120010C9EC /* SwiftTwitchAPI */,
			);
			name = Packages;
			sourceTree = "<group>";
		};
		89810FE9288355D50010C9EC /* Frameworks */ = {
			isa = PBXGroup;
			children = (
			);
			name = Frameworks;
			sourceTree = "<group>";
		};
		89810FF22884253E0010C9EC /* Views */ = {
			isa = PBXGroup;
			children = (
				D6F86846286A477C00EFAFCE /* StreamView.swift */,
				89810FF0288425350010C9EC /* FollowsView.swift */,
				89810FF328842ABD0010C9EC /* RootView.swift */,
			);
			path = Views;
			sourceTree = "<group>";
		};
		89810FF7288452BD0010C9EC /* Helpers */ = {
			isa = PBXGroup;
			children = (
				89810FF5288452B80010C9EC /* Numbers.swift */,
			);
			path = Helpers;
			sourceTree = "<group>";
		};
		D6F86838286A477C00EFAFCE = {
			isa = PBXGroup;
			children = (
				89810FE7288355120010C9EC /* Packages */,
				D6F86852286A809200EFAFCE /* README.md */,
				D6F86854286A809800EFAFCE /* server */,
				D6F86843286A477C00EFAFCE /* galaxy */,
				D6F86842286A477C00EFAFCE /* Products */,
				89810FE9288355D50010C9EC /* Frameworks */,
			);
			sourceTree = "<group>";
		};
		D6F86842286A477C00EFAFCE /* Products */ = {
			isa = PBXGroup;
			children = (
				D6F86841286A477C00EFAFCE /* galaxy.app */,
			);
			name = Products;
			sourceTree = "<group>";
		};
		D6F86843286A477C00EFAFCE /* galaxy */ = {
			isa = PBXGroup;
			children = (
				89810FF7288452BD0010C9EC /* Helpers */,
				89810FF22884253E0010C9EC /* Views */,
				D6F86844286A477C00EFAFCE /* galaxyApp.swift */,
				89810FEE288357420010C9EC /* TwitchManager.swift */,
				D6F86848286A477E00EFAFCE /* Assets.xcassets */,
				D6F8684A286A477E00EFAFCE /* Preview Content */,
			);
			path = galaxy;
			sourceTree = "<group>";
		};
		D6F8684A286A477E00EFAFCE /* Preview Content */ = {
			isa = PBXGroup;
			children = (
				D6F8684B286A477E00EFAFCE /* Preview Assets.xcassets */,
			);
			path = "Preview Content";
			sourceTree = "<group>";
		};
/* End PBXGroup section */

/* Begin PBXNativeTarget section */
		D6F86840286A477C00EFAFCE /* galaxy */ = {
			isa = PBXNativeTarget;
			buildConfigurationList = D6F8684F286A477E00EFAFCE /* Build configuration list for PBXNativeTarget "galaxy" */;
			buildPhases = (
				D6F8683D286A477C00EFAFCE /* Sources */,
				D6F8683E286A477C00EFAFCE /* Frameworks */,
				D6F8683F286A477C00EFAFCE /* Resources */,
			);
			buildRules = (
			);
			dependencies = (
			);
			name = galaxy;
			packageProductDependencies = (
				89810FEA288355D50010C9EC /* SwiftTwitchAPI */,
			);
			productName = galaxy;
			productReference = D6F86841286A477C00EFAFCE /* galaxy.app */;
			productType = "com.apple.product-type.application";
		};
/* End PBXNativeTarget section */

/* Begin PBXProject section */
		D6F86839286A477C00EFAFCE /* Project object */ = {
			isa = PBXProject;
			attributes = {
				BuildIndependentTargetsInParallel = 1;
				LastSwiftUpdateCheck = 1340;
				LastUpgradeCheck = 1340;
				TargetAttributes = {
					D6F86840286A477C00EFAFCE = {
						CreatedOnToolsVersion = 13.4.1;
					};
				};
			};
			buildConfigurationList = D6F8683C286A477C00EFAFCE /* Build configuration list for PBXProject "galaxy" */;
			compatibilityVersion = "Xcode 13.0";
			developmentRegion = en;
			hasScannedForEncodings = 0;
			knownRegions = (
				en,
				Base,
			);
			mainGroup = D6F86838286A477C00EFAFCE;
			productRefGroup = D6F86842286A477C00EFAFCE /* Products */;
			projectDirPath = "";
			projectRoot = "";
			targets = (
				D6F86840286A477C00EFAFCE /* galaxy */,
			);
		};
/* End PBXProject section */

/* Begin PBXResourcesBuildPhase section */
		D6F8683F286A477C00EFAFCE /* Resources */ = {
			isa = PBXResourcesBuildPhase;
			buildActionMask = 2147483647;
			files = (
				D6F86853286A809200EFAFCE /* README.md in Resources */,
				D6F86855286A809800EFAFCE /* server in Resources */,
				D6F8684C286A477E00EFAFCE /* Preview Assets.xcassets in Resources */,
				D6F86849286A477E00EFAFCE /* Assets.xcassets in Resources */,
			);
			runOnlyForDeploymentPostprocessing = 0;
		};
/* End PBXResourcesBuildPhase section */

/* Begin PBXSourcesBuildPhase section */
		D6F8683D286A477C00EFAFCE /* Sources */ = {
			isa = PBXSourcesBuildPhase;
			buildActionMask = 2147483647;
			files = (
				D6F86847286A477C00EFAFCE /* StreamView.swift in Sources */,
				89810FF1288425350010C9EC /* FollowsView.swift in Sources */,
				89810FF6288452B80010C9EC /* Numbers.swift in Sources */,
				D6F86845286A477C00EFAFCE /* galaxyApp.swift in Sources */,
				89810FEF288357420010C9EC /* TwitchManager.swift in Sources */,
				89810FF428842ABD0010C9EC /* RootView.swift in Sources */,
			);
			runOnlyForDeploymentPostprocessing = 0;
		};
/* End PBXSourcesBuildPhase section */

/* Begin XCBuildConfiguration section */
		D6F8684D286A477E00EFAFCE /* Debug */ = {
			isa = XCBuildConfiguration;
			buildSettings = {
				ALWAYS_SEARCH_USER_PATHS = NO;
				CLANG_ANALYZER_NONNULL = YES;
				CLANG_ANALYZER_NUMBER_OBJECT_CONVERSION = YES_AGGRESSIVE;
				CLANG_CXX_LANGUAGE_STANDARD = "gnu++17";
				CLANG_ENABLE_MODULES = YES;
				CLANG_ENABLE_OBJC_ARC = YES;
				CLANG_ENABLE_OBJC_WEAK = YES;
				CLANG_WARN_BLOCK_CAPTURE_AUTORELEASING = YES;
				CLANG_WARN_BOOL_CONVERSION = YES;
				CLANG_WARN_COMMA = YES;
				CLANG_WARN_CONSTANT_CONVERSION = YES;
				CLANG_WARN_DEPRECATED_OBJC_IMPLEMENTATIONS = YES;
				CLANG_WARN_DIRECT_OBJC_ISA_USAGE = YES_ERROR;
				CLANG_WARN_DOCUMENTATION_COMMENTS = YES;
				CLANG_WARN_EMPTY_BODY = YES;
				CLANG_WARN_ENUM_CONVERSION = YES;
				CLANG_WARN_INFINITE_RECURSION = YES;
				CLANG_WARN_INT_CONVERSION = YES;
				CLANG_WARN_NON_LITERAL_NULL_CONVERSION = YES;
				CLANG_WARN_OBJC_IMPLICIT_RETAIN_SELF = YES;
				CLANG_WARN_OBJC_LITERAL_CONVERSION = YES;
				CLANG_WARN_OBJC_ROOT_CLASS = YES_ERROR;
				CLANG_WARN_QUOTED_INCLUDE_IN_FRAMEWORK_HEADER = YES;
				CLANG_WARN_RANGE_LOOP_ANALYSIS = YES;
				CLANG_WARN_STRICT_PROTOTYPES = YES;
				CLANG_WARN_SUSPICIOUS_MOVE = YES;
				CLANG_WARN_UNGUARDED_AVAILABILITY = YES_AGGRESSIVE;
				CLANG_WARN_UNREACHABLE_CODE = YES;
				CLANG_WARN__DUPLICATE_METHOD_MATCH = YES;
				COPY_PHASE_STRIP = NO;
				DEBUG_INFORMATION_FORMAT = dwarf;
				ENABLE_STRICT_OBJC_MSGSEND = YES;
				ENABLE_TESTABILITY = YES;
				GCC_C_LANGUAGE_STANDARD = gnu11;
				GCC_DYNAMIC_NO_PIC = NO;
				GCC_NO_COMMON_BLOCKS = YES;
				GCC_OPTIMIZATION_LEVEL = 0;
				GCC_PREPROCESSOR_DEFINITIONS = (
					"DEBUG=1",
					"$(inherited)",
				);
				GCC_WARN_64_TO_32_BIT_CONVERSION = YES;
				GCC_WARN_ABOUT_RETURN_TYPE = YES_ERROR;
				GCC_WARN_UNDECLARED_SELECTOR = YES;
				GCC_WARN_UNINITIALIZED_AUTOS = YES_AGGRESSIVE;
				GCC_WARN_UNUSED_FUNCTION = YES;
				GCC_WARN_UNUSED_VARIABLE = YES;
				IPHONEOS_DEPLOYMENT_TARGET = 15.5;
				MTL_ENABLE_DEBUG_INFO = INCLUDE_SOURCE;
				MTL_FAST_MATH = YES;
				ONLY_ACTIVE_ARCH = YES;
				SDKROOT = iphoneos;
				SWIFT_ACTIVE_COMPILATION_CONDITIONS = DEBUG;
				SWIFT_OPTIMIZATION_LEVEL = "-Onone";
			};
			name = Debug;
		};
		D6F8684E286A477E00EFAFCE /* Release */ = {
			isa = XCBuildConfiguration;
			buildSettings = {
				ALWAYS_SEARCH_USER_PATHS = NO;
				CLANG_ANALYZER_NONNULL = YES;
				CLANG_ANALYZER_NUMBER_OBJECT_CONVERSION = YES_AGGRESSIVE;
				CLANG_CXX_LANGUAGE_STANDARD = "gnu++17";
				CLANG_ENABLE_MODULES = YES;
				CLANG_ENABLE_OBJC_ARC = YES;
				CLANG_ENABLE_OBJC_WEAK = YES;
				CLANG_WARN_BLOCK_CAPTURE_AUTORELEASING = YES;
				CLANG_WARN_BOOL_CONVERSION = YES;
				CLANG_WARN_COMMA = YES;
				CLANG_WARN_CONSTANT_CONVERSION = YES;
				CLANG_WARN_DEPRECATED_OBJC_IMPLEMENTATIONS = YES;
				CLANG_WARN_DIRECT_OBJC_ISA_USAGE = YES_ERROR;
				CLANG_WARN_DOCUMENTATION_COMMENTS = YES;
				CLANG_WARN_EMPTY_BODY = YES;
				CLANG_WARN_ENUM_CONVERSION = YES;
				CLANG_WARN_INFINITE_RECURSION = YES;
				CLANG_WARN_INT_CONVERSION = YES;
				CLANG_WARN_NON_LITERAL_NULL_CONVERSION = YES;
				CLANG_WARN_OBJC_IMPLICIT_RETAIN_SELF = YES;
				CLANG_WARN_OBJC_LITERAL_CONVERSION = YES;
				CLANG_WARN_OBJC_ROOT_CLASS = YES_ERROR;
				CLANG_WARN_QUOTED_INCLUDE_IN_FRAMEWORK_HEADER = YES;
				CLANG_WARN_RANGE_LOOP_ANALYSIS = YES;
				CLANG_WARN_STRICT_PROTOTYPES = YES;
				CLANG_WARN_SUSPICIOUS_MOVE = YES;
				CLANG_WARN_UNGUARDED_AVAILABILITY = YES_AGGRESSIVE;
				CLANG_WARN_UNREACHABLE_CODE = YES;
				CLANG_WARN__DUPLICATE_METHOD_MATCH = YES;
				COPY_PHASE_STRIP = NO;
				DEBUG_INFORMATION_FORMAT = "dwarf-with-dsym";
				ENABLE_NS_ASSERTIONS = NO;
				ENABLE_STRICT_OBJC_MSGSEND = YES;
				GCC_C_LANGUAGE_STANDARD = gnu11;
				GCC_NO_COMMON_BLOCKS = YES;
				GCC_WARN_64_TO_32_BIT_CONVERSION = YES;
				GCC_WARN_ABOUT_RETURN_TYPE = YES_ERROR;
				GCC_WARN_UNDECLARED_SELECTOR = YES;
				GCC_WARN_UNINITIALIZED_AUTOS = YES_AGGRESSIVE;
				GCC_WARN_UNUSED_FUNCTION = YES;
				GCC_WARN_UNUSED_VARIABLE = YES;
				IPHONEOS_DEPLOYMENT_TARGET = 15.5;
				MTL_ENABLE_DEBUG_INFO = NO;
				MTL_FAST_MATH = YES;
				SDKROOT = iphoneos;
				SWIFT_COMPILATION_MODE = wholemodule;
				SWIFT_OPTIMIZATION_LEVEL = "-O";
				VALIDATE_PRODUCT = YES;
			};
			name = Release;
		};
		D6F86850286A477E00EFAFCE /* Debug */ = {
			isa = XCBuildConfiguration;
			buildSettings = {
				ASSETCATALOG_COMPILER_APPICON_NAME = AppIcon;
				ASSETCATALOG_COMPILER_GLOBAL_ACCENT_COLOR_NAME = AccentColor;
				CODE_SIGN_STYLE = Automatic;
				CURRENT_PROJECT_VERSION = 1;
				DEVELOPMENT_ASSET_PATHS = "\"galaxy/Preview Content\"";
				DEVELOPMENT_TEAM = Q96DAPWJF3;
				ENABLE_PREVIEWS = YES;
				GENERATE_INFOPLIST_FILE = YES;
				INFOPLIST_KEY_UIApplicationSceneManifest_Generation = YES;
				INFOPLIST_KEY_UIApplicationSupportsIndirectInputEvents = YES;
				INFOPLIST_KEY_UILaunchScreen_Generation = YES;
				INFOPLIST_KEY_UISupportedInterfaceOrientations_iPad = "UIInterfaceOrientationPortrait UIInterfaceOrientationPortraitUpsideDown UIInterfaceOrientationLandscapeLeft UIInterfaceOrientationLandscapeRight";
				INFOPLIST_KEY_UISupportedInterfaceOrientations_iPhone = "UIInterfaceOrientationPortrait UIInterfaceOrientationLandscapeLeft UIInterfaceOrientationLandscapeRight";
				LD_RUNPATH_SEARCH_PATHS = (
					"$(inherited)",
					"@executable_path/Frameworks",
				);
				MARKETING_VERSION = 1.0;
				PRODUCT_BUNDLE_IDENTIFIER = pkulik.dev.galaxy;
				PRODUCT_NAME = "$(TARGET_NAME)";
				SWIFT_EMIT_LOC_STRINGS = YES;
				SWIFT_VERSION = 5.0;
				TARGETED_DEVICE_FAMILY = "1,2";
			};
			name = Debug;
		};
		D6F86851286A477E00EFAFCE /* Release */ = {
			isa = XCBuildConfiguration;
			buildSettings = {
				ASSETCATALOG_COMPILER_APPICON_NAME = AppIcon;
				ASSETCATALOG_COMPILER_GLOBAL_ACCENT_COLOR_NAME = AccentColor;
				CODE_SIGN_STYLE = Automatic;
				CURRENT_PROJECT_VERSION = 1;
				DEVELOPMENT_ASSET_PATHS = "\"galaxy/Preview Content\"";
				DEVELOPMENT_TEAM = Q96DAPWJF3;
				ENABLE_PREVIEWS = YES;
				GENERATE_INFOPLIST_FILE = YES;
				INFOPLIST_KEY_UIApplicationSceneManifest_Generation = YES;
				INFOPLIST_KEY_UIApplicationSupportsIndirectInputEvents = YES;
				INFOPLIST_KEY_UILaunchScreen_Generation = YES;
				INFOPLIST_KEY_UISupportedInterfaceOrientations_iPad = "UIInterfaceOrientationPortrait UIInterfaceOrientationPortraitUpsideDown UIInterfaceOrientationLandscapeLeft UIInterfaceOrientationLandscapeRight";
				INFOPLIST_KEY_UISupportedInterfaceOrientations_iPhone = "UIInterfaceOrientationPortrait UIInterfaceOrientationLandscapeLeft UIInterfaceOrientationLandscapeRight";
				LD_RUNPATH_SEARCH_PATHS = (
					"$(inherited)",
					"@executable_path/Frameworks",
				);
				MARKETING_VERSION = 1.0;
				PRODUCT_BUNDLE_IDENTIFIER = pkulik.dev.galaxy;
				PRODUCT_NAME = "$(TARGET_NAME)";
				SWIFT_EMIT_LOC_STRINGS = YES;
				SWIFT_VERSION = 5.0;
				TARGETED_DEVICE_FAMILY = "1,2";
			};
			name = Release;
		};
/* End XCBuildConfiguration section */

/* Begin XCConfigurationList section */
		D6F8683C286A477C00EFAFCE /* Build configuration list for PBXProject "galaxy" */ = {
			isa = XCConfigurationList;
			buildConfigurations = (
				D6F8684D286A477E00EFAFCE /* Debug */,
				D6F8684E286A477E00EFAFCE /* Release */,
			);
			defaultConfigurationIsVisible = 0;
			defaultConfigurationName = Release;
		};
		D6F8684F286A477E00EFAFCE /* Build configuration list for PBXNativeTarget "galaxy" */ = {
			isa = XCConfigurationList;
			buildConfigurations = (
				D6F86850286A477E00EFAFCE /* Debug */,
				D6F86851286A477E00EFAFCE /* Release */,
			);
			defaultConfigurationIsVisible = 0;
			defaultConfigurationName = Release;
		};
/* End XCConfigurationList section */

/* Begin XCSwiftPackageProductDependency section */
		89810FEA288355D50010C9EC /* SwiftTwitchAPI */ = {
			isa = XCSwiftPackageProductDependency;
			productName = SwiftTwitchAPI;
		};
/* End XCSwiftPackageProductDependency section */
	};
	rootObject = D6F86839286A477C00EFAFCE /* Project object */;
}
